
Microsoft Visual Studio Solution File, Format Version 12.00
# Visual Studio 14
VisualStudioVersion = 14.0.23107.0
MinimumVisualStudioVersion = 10.0.40219.1
Project("{8BC9CEB8-8B4A-11D0-8D11-00A0C91BC942}") = "WebRTC_AECM", "WebRTC_AECM\WebRTC_AECM.vcxproj", "{0AA56435-AB9B-4A19-B8AE-7803FAB95EF2}"
EndProject
Project("{8BC9CEB8-8B4A-11D0-8D11-00A0C91BC942}") = "WebRTC_AGC", "WebRTC_AGC\WebRTC_AGC.vcxproj", "{6C7DFF8A-28EA-4433-A866-6EA868D702C4}"
EndProject
Project("{8BC9CEB8-8B4A-11D0-8D11-00A0C91BC942}") = "WebRTC_NS", "WebRTC_NS\WebRTC_NS.vcxproj", "{0A09CC65-6A45-4169-816F-988074A3BFD3}"
EndProject
Project("{8BC9CEB8-8B4A-11D0-8D11-00A0C91BC942}") = "WebRTC_VAD", "WebRTC_VAD\WebRTC_VAD.vcxproj", "{113AC29F-7CC5-4BEE-87BE-76C6ED81CC89}"
EndProject
Project("{8BC9CEB8-8B4A-11D0-8D11-00A0C91BC942}") = "WebRTC_ALL", "WebRTC_ALL\WebRTC_ALL.vcxproj", "{7A22E7CE-29C0-455E-9A02-466D0A2F525C}"
EndProject
Project("{8BC9CEB8-8B4A-11D0-8D11-00A0C91BC942}") = "WebRTC_AEC", "WebRTC_AEC\WebRTC_AEC.vcxproj", "{534A0433-2932-48BC-834F-0E5C9917A09C}"
EndProject
Project("{8BC9CEB8-8B4A-11D0-8D11-00A0C91BC942}") = "WebRTC_AudioMixer", "WebRTC_AudioMixer\WebRTC_AudioMixer.vcxproj", "{E8238E6E-222B-438D-88E7-D2E29DB29FCC}"
EndProject
Global
	GlobalSection(SolutionConfigurationPlatforms) = preSolution
		Debug|x64 = Debug|x64
		Debug|x86 = Debug|x86
		Release|x64 = Release|x64
		Release|x86 = Release|x86
	EndGlobalSection
	GlobalSection(ProjectConfigurationPlatforms) = postSolution
		{0AA56435-AB9B-4A19-B8AE-7803FAB95EF2}.Debug|x64.ActiveCfg = Debug|x64
		{0AA56435-AB9B-4A19-B8AE-7803FAB95EF2}.Debug|x64.Build.0 = Debug|x64
		{0AA56435-AB9B-4A19-B8AE-7803FAB95EF2}.Debug|x86.ActiveCfg = Debug|Win32
		{0AA56435-AB9B-4A19-B8AE-7803FAB95EF2}.Debug|x86.Build.0 = Debug|Win32
		{0AA56435-AB9B-4A19-B8AE-7803FAB95EF2}.Release|x64.ActiveCfg = Release|x64
		{0AA56435-AB9B-4A19-B8AE-7803FAB95EF2}.Release|x64.Build.0 = Release|x64
		{0AA56435-AB9B-4A19-B8AE-7803FAB95EF2}.Release|x86.ActiveCfg = Release|Win32
		{0AA56435-AB9B-4A19-B8AE-7803FAB95EF2}.Release|x86.Build.0 = Release|Win32
		{6C7DFF8A-28EA-4433-A866-6EA868D702C4}.Debug|x64.ActiveCfg = Debug|x64
		{6C7DFF8A-28EA-4433-A866-6EA868D702C4}.Debug|x64.Build.0 = Debug|x64
		{6C7DFF8A-28EA-4433-A866-6EA868D702C4}.Debug|x86.ActiveCfg = Debug|Win32
		{6C7DFF8A-28EA-4433-A866-6EA868D702C4}.Debug|x86.Build.0 = Debug|Win32
		{6C7DFF8A-28EA-4433-A866-6EA868D702C4}.Release|x64.ActiveCfg = Release|x64
		{6C7DFF8A-28EA-4433-A866-6EA868D702C4}.Release|x64.Build.0 = Release|x64
		{6C7DFF8A-28EA-4433-A866-6EA868D702C4}.Release|x86.ActiveCfg = Release|Win32
		{6C7DFF8A-28EA-4433-A866-6EA868D702C4}.Release|x86.Build.0 = Release|Win32
		{0A09CC65-6A45-4169-816F-988074A3BFD3}.Debug|x64.ActiveCfg = Debug|x64
		{0A09CC65-6A45-4169-816F-988074A3BFD3}.Debug|x64.Build.0 = Debug|x64
		{0A09CC65-6A45-4169-816F-988074A3BFD3}.Debug|x86.ActiveCfg = Debug|Win32
		{0A09CC65-6A45-4169-816F-988074A3BFD3}.Debug|x86.Build.0 = Debug|Win32
		{0A09CC65-6A45-4169-816F-988074A3BFD3}.Release|x64.ActiveCfg = Release|x64
		{0A09CC65-6A45-4169-816F-988074A3BFD3}.Release|x64.Build.0 = Release|x64
		{0A09CC65-6A45-4169-816F-988074A3BFD3}.Release|x86.ActiveCfg = Release|Win32
		{0A09CC65-6A45-4169-816F-988074A3BFD3}.Release|x86.Build.0 = Release|Win32
		{113AC29F-7CC5-4BEE-87BE-76C6ED81CC89}.Debug|x64.ActiveCfg = Debug|x64
		{113AC29F-7CC5-4BEE-87BE-76C6ED81CC89}.Debug|x64.Build.0 = Debug|x64
		{113AC29F-7CC5-4BEE-87BE-76C6ED81CC89}.Debug|x86.ActiveCfg = Debug|Win32
		{113AC29F-7CC5-4BEE-87BE-76C6ED81CC89}.Debug|x86.Build.0 = Debug|Win32
		{113AC29F-7CC5-4BEE-87BE-76C6ED81CC89}.Release|x64.ActiveCfg = Release|x64
		{113AC29F-7CC5-4BEE-87BE-76C6ED81CC89}.Release|x64.Build.0 = Release|x64
		{113AC29F-7CC5-4BEE-87BE-76C6ED81CC89}.Release|x86.ActiveCfg = Release|Win32
		{113AC29F-7CC5-4BEE-87BE-76C6ED81CC89}.Release|x86.Build.0 = Release|Win32
		{7A22E7CE-29C0-455E-9A02-466D0A2F525C}.Debug|x64.ActiveCfg = Debug|x64
		{7A22E7CE-29C0-455E-9A02-466D0A2F525C}.Debug|x64.Build.0 = Debug|x64
		{7A22E7CE-29C0-455E-9A02-466D0A2F525C}.Debug|x86.ActiveCfg = Debug|Win32
		{7A22E7CE-29C0-455E-9A02-466D0A2F525C}.Debug|x86.Build.0 = Debug|Win32
		{7A22E7CE-29C0-455E-9A02-466D0A2F525C}.Release|x64.ActiveCfg = Release|x64
		{7A22E7CE-29C0-455E-9A02-466D0A2F525C}.Release|x64.Build.0 = Release|x64
		{7A22E7CE-29C0-455E-9A02-466D0A2F525C}.Release|x86.ActiveCfg = Release|Win32
		{7A22E7CE-29C0-455E-9A02-466D0A2F525C}.Release|x86.Build.0 = Release|Win32
		{534A0433-2932-48BC-834F-0E5C9917A09C}.Debug|x64.ActiveCfg = Debug|x64
		{534A0433-2932-48BC-834F-0E5C9917A09C}.Debug|x64.Build.0 = Debug|x64
		{534A0433-2932-48BC-834F-0E5C9917A09C}.Debug|x86.ActiveCfg = Debug|Win32
		{534A0433-2932-48BC-834F-0E5C9917A09C}.Debug|x86.Build.0 = Debug|Win32
		{534A0433-2932-48BC-834F-0E5C9917A09C}.Release|x64.ActiveCfg = Release|x64
		{534A0433-2932-48BC-834F-0E5C9917A09C}.Release|x64.Build.0 = Release|x64
		{534A0433-2932-48BC-834F-0E5C9917A09C}.Release|x86.ActiveCfg = Release|Win32
		{534A0433-2932-48BC-834F-0E5C9917A09C}.Release|x86.Build.0 = Release|Win32
		{E8238E6E-222B-438D-88E7-D2E29DB29FCC}.Debug|x64.ActiveCfg = Debug|x64
		{E8238E6E-222B-438D-88E7-D2E29DB29FCC}.Debug|x64.Build.0 = Debug|x64
		{E8238E6E-222B-438D-88E7-D2E29DB29FCC}.Debug|x86.ActiveCfg = Debug|Win32
		{E8238E6E-222B-438D-88E7-D2E29DB29FCC}.Debug|x86.Build.0 = Debug|Win32
		{E8238E6E-222B-438D-88E7-D2E29DB29FCC}.Release|x64.ActiveCfg = Release|x64
		{E8238E6E-222B-438D-88E7-D2E29DB29FCC}.Release|x64.Build.0 = Release|x64
		{E8238E6E-222B-438D-88E7-D2E29DB29FCC}.Release|x86.ActiveCfg = Release|Win32
		{E8238E6E-222B-438D-88E7-D2E29DB29FCC}.Release|x86.Build.0 = Release|Win32
	EndGlobalSection
	GlobalSection(SolutionProperties) = preSolution
		HideSolutionNode = FALSE
	EndGlobalSection
EndGlobal
