<?xml version="1.0" encoding="utf-8"?>
<Project ToolsVersion="4.0" xmlns="http://schemas.microsoft.com/developer/msbuild/2003">
  <ItemGroup>
    <Filter Include="源文件">
      <UniqueIdentifier>{4FC737F1-C7A5-4376-A066-2A32D752A2FF}</UniqueIdentifier>
      <Extensions>cpp;c;cc;cxx;def;odl;idl;hpj;bat;asm;asmx</Extensions>
    </Filter>
    <Filter Include="头文件">
      <UniqueIdentifier>{93995380-89BD-4b04-88EB-625FBE52EBFB}</UniqueIdentifier>
      <Extensions>h;hh;hpp;hxx;hm;inl;inc;xsd</Extensions>
    </Filter>
    <Filter Include="资源文件">
      <UniqueIdentifier>{67DA6AB6-F800-4c08-8B7A-83BB121AAD01}</UniqueIdentifier>
      <Extensions>rc;ico;cur;bmp;dlg;rc2;rct;bin;rgs;gif;jpg;jpeg;jpe;resx;tiff;tif;png;wav;mfcribbon-ms</Extensions>
    </Filter>
  </ItemGroup>
  <ItemGroup>
    <ClInclude Include="echo_control_mobile.h">
      <Filter>头文件</Filter>
    </ClInclude>
    <ClInclude Include="typedefs.h">
      <Filter>头文件</Filter>
    </ClInclude>
    <ClInclude Include="aecm_core.h">
      <Filter>头文件</Filter>
    </ClInclude>
    <ClInclude Include="aecm_delay_estimator.h">
      <Filter>头文件</Filter>
    </ClInclude>
    <ClInclude Include="signal_processing_library.h">
      <Filter>头文件</Filter>
    </ClInclude>
    <ClInclude Include="ring_buffer.h">
      <Filter>头文件</Filter>
    </ClInclude>
    <ClInclude Include="spl_inl.h">
      <Filter>头文件</Filter>
    </ClInclude>
  </ItemGroup>
  <ItemGroup>
    <ClCompile Include="echo_control_mobile.c">
      <Filter>源文件</Filter>
    </ClCompile>
    <ClCompile Include="aecm_core.c">
      <Filter>源文件</Filter>
    </ClCompile>
    <ClCompile Include="aecm_core_neon.c">
      <Filter>源文件</Filter>
    </ClCompile>
    <ClCompile Include="aecm_delay_estimator.c">
      <Filter>源文件</Filter>
    </ClCompile>
    <ClCompile Include="ring_buffer.c">
      <Filter>源文件</Filter>
    </ClCompile>
    <ClCompile Include="TestAECM.cpp">
      <Filter>源文件</Filter>
    </ClCompile>
    <ClCompile Include="min_max_operations.c">
      <Filter>源文件</Filter>
    </ClCompile>
    <ClCompile Include="add_sat_w32.c">
      <Filter>源文件</Filter>
    </ClCompile>
    <ClCompile Include="add_sat_w16.c">
      <Filter>源文件</Filter>
    </ClCompile>
    <ClCompile Include="norm_w32.c">
      <Filter>源文件</Filter>
    </ClCompile>
    <ClCompile Include="norm_u32.c">
      <Filter>源文件</Filter>
    </ClCompile>
    <ClCompile Include="norm_w16.c">
      <Filter>源文件</Filter>
    </ClCompile>
    <ClCompile Include="complex_ifft.c">
      <Filter>源文件</Filter>
    </ClCompile>
    <ClCompile Include="complex_bit_reverse.c">
      <Filter>源文件</Filter>
    </ClCompile>
    <ClCompile Include="complex_fft.c">
      <Filter>源文件</Filter>
    </ClCompile>
    <ClCompile Include="spl_sqrt_floor.c">
      <Filter>源文件</Filter>
    </ClCompile>
    <ClCompile Include="division_operations.c">
      <Filter>源文件</Filter>
    </ClCompile>
    <ClCompile Include="sin_table.c">
      <Filter>源文件</Filter>
    </ClCompile>
    <ClCompile Include="sin_table_1024.c">
      <Filter>源文件</Filter>
    </ClCompile>
    <ClCompile Include="cos_table.c">
      <Filter>源文件</Filter>
    </ClCompile>
    <ClCompile Include="randomization_functions.c">
      <Filter>源文件</Filter>
    </ClCompile>
    <ClCompile Include="randn_table.c">
      <Filter>源文件</Filter>
    </ClCompile>
  </ItemGroup>
</Project>